
Microsoft Visual Studio Solution File, Format Version 12.00
Project("{FAE04EC0-301F-11D3-BF4B-00C04F79EFBC}") = "DecompressTest", "DecompressTest\DecompressTest.csproj", "{1EAB6E1D-1545-4A5D-83AD-A98BF4874DE6}"
EndProject
Project("{FAE04EC0-301F-11D3-BF4B-00C04F79EFBC}") = "AsepriteToThumbCLI", "AsepriteToThumbCLI\AsepriteToThumbCLI.csproj", "{0536D800-ED22-4F04-998F-EA7FB4B63D7F}"
EndProject
Project("{FAE04EC0-301F-11D3-BF4B-00C04F79EFBC}") = "AsepriteLoader", "AsepriteLoader\AsepriteLoader.csproj", "{1258CAD6-DF89-4E7F-8696-E3EB2329FA2D}"
EndProject
Global
	GlobalSection(SolutionConfigurationPlatforms) = preSolution
		Debug|Any CPU = Debug|Any CPU
		Release|Any CPU = Release|Any CPU
	EndGlobalSection
	GlobalSection(ProjectConfigurationPlatforms) = postSolution
		{1EAB6E1D-1545-4A5D-83AD-A98BF4874DE6}.Debug|Any CPU.ActiveCfg = Debug|Any CPU
		{1EAB6E1D-1545-4A5D-83AD-A98BF4874DE6}.Debug|Any CPU.Build.0 = Debug|Any CPU
		{1EAB6E1D-1545-4A5D-83AD-A98BF4874DE6}.Release|Any CPU.ActiveCfg = Release|Any CPU
		{1EAB6E1D-1545-4A5D-83AD-A98BF4874DE6}.Release|Any CPU.Build.0 = Release|Any CPU
		{0536D800-ED22-4F04-998F-EA7FB4B63D7F}.Debug|Any CPU.ActiveCfg = Debug|Any CPU
		{0536D800-ED22-4F04-998F-EA7FB4B63D7F}.Debug|Any CPU.Build.0 = Debug|Any CPU
		{0536D800-ED22-4F04-998F-EA7FB4B63D7F}.Release|Any CPU.ActiveCfg = Release|Any CPU
		{0536D800-ED22-4F04-998F-EA7FB4B63D7F}.Release|Any CPU.Build.0 = Release|Any CPU
		{1258CAD6-DF89-4E7F-8696-E3EB2329FA2D}.Debug|Any CPU.ActiveCfg = Debug|Any CPU
		{1258CAD6-DF89-4E7F-8696-E3EB2329FA2D}.Debug|Any CPU.Build.0 = Debug|Any CPU
		{1258CAD6-DF89-4E7F-8696-E3EB2329FA2D}.Release|Any CPU.ActiveCfg = Release|Any CPU
		{1258CAD6-DF89-4E7F-8696-E3EB2329FA2D}.Release|Any CPU.Build.0 = Release|Any CPU
	EndGlobalSection
EndGlobal
